
Microsoft Visual Studio Solution File, Format Version 12.00
# Visual Studio 15
VisualStudioVersion = 15.0.28307.1259
MinimumVisualStudioVersion = 10.0.40219.1
Project("{FAE04EC0-301F-11D3-BF4B-00C04F79EFBC}") = "WidgetBackOffice", "WidgetBackOffice1\WidgetBackOffice.csproj", "{63A11895-9632-45AF-8A0D-EEDA3B5007E7}"
EndProject
Project("{E24C65DC-7377-472B-9ABA-BC803B73C61A}") = "WidgetFrontOffice", "WidgetFrontOffice\", "{4C410A78-F59D-406F-8EA7-DA5A7C9FD816}"
	ProjectSection(WebsiteProperties) = preProject
		TargetFrameworkMoniker = ".NETFramework,Version%3Dv4.0"
		Debug.AspNetCompiler.VirtualPath = "/localhost_3002"
		Debug.AspNetCompiler.PhysicalPath = "WidgetFrontOffice\"
		Debug.AspNetCompiler.TargetPath = "PrecompiledWeb\localhost_3002\"
		Debug.AspNetCompiler.Updateable = "true"
		Debug.AspNetCompiler.ForceOverwrite = "true"
		Debug.AspNetCompiler.FixedNames = "false"
		Debug.AspNetCompiler.Debug = "True"
		Release.AspNetCompiler.VirtualPath = "/localhost_3002"
		Release.AspNetCompiler.PhysicalPath = "WidgetFrontOffice\"
		Release.AspNetCompiler.TargetPath = "PrecompiledWeb\localhost_3002\"
		Release.AspNetCompiler.Updateable = "true"
		Release.AspNetCompiler.ForceOverwrite = "true"
		Release.AspNetCompiler.FixedNames = "false"
		Release.AspNetCompiler.Debug = "False"
		VWDPort = "3002"
		DefaultWebSiteLanguage = "Visual Basic"
	EndProjectSection
EndProject
Project("{FAE04EC0-301F-11D3-BF4B-00C04F79EFBC}") = "WidgetClasses", "WidgetClasses\WidgetClasses.csproj", "{E59D6540-0F37-4ECF-B08C-B188A9D96619}"
EndProject
Project("{FAE04EC0-301F-11D3-BF4B-00C04F79EFBC}") = "Widget Testing", "Widget Testing\Widget Testing.csproj", "{A849E349-A8BD-49C4-A5B0-9DD6EDFACE2C}"
EndProject
Global
	GlobalSection(SolutionConfigurationPlatforms) = preSolution
		Debug|Any CPU = Debug|Any CPU
		Release|Any CPU = Release|Any CPU
	EndGlobalSection
	GlobalSection(ProjectConfigurationPlatforms) = postSolution
		{63A11895-9632-45AF-8A0D-EEDA3B5007E7}.Debug|Any CPU.ActiveCfg = Debug|Any CPU
		{63A11895-9632-45AF-8A0D-EEDA3B5007E7}.Debug|Any CPU.Build.0 = Debug|Any CPU
		{63A11895-9632-45AF-8A0D-EEDA3B5007E7}.Release|Any CPU.ActiveCfg = Release|Any CPU
		{63A11895-9632-45AF-8A0D-EEDA3B5007E7}.Release|Any CPU.Build.0 = Release|Any CPU
		{4C410A78-F59D-406F-8EA7-DA5A7C9FD816}.Debug|Any CPU.ActiveCfg = Debug|Any CPU
		{4C410A78-F59D-406F-8EA7-DA5A7C9FD816}.Debug|Any CPU.Build.0 = Debug|Any CPU
		{4C410A78-F59D-406F-8EA7-DA5A7C9FD816}.Release|Any CPU.ActiveCfg = Debug|Any CPU
		{4C410A78-F59D-406F-8EA7-DA5A7C9FD816}.Release|Any CPU.Build.0 = Debug|Any CPU
		{E59D6540-0F37-4ECF-B08C-B188A9D96619}.Debug|Any CPU.ActiveCfg = Debug|Any CPU
		{E59D6540-0F37-4ECF-B08C-B188A9D96619}.Debug|Any CPU.Build.0 = Debug|Any CPU
		{E59D6540-0F37-4ECF-B08C-B188A9D96619}.Release|Any CPU.ActiveCfg = Release|Any CPU
		{E59D6540-0F37-4ECF-B08C-B188A9D96619}.Release|Any CPU.Build.0 = Release|Any CPU
		{A849E349-A8BD-49C4-A5B0-9DD6EDFACE2C}.Debug|Any CPU.ActiveCfg = Debug|Any CPU
		{A849E349-A8BD-49C4-A5B0-9DD6EDFACE2C}.Debug|Any CPU.Build.0 = Debug|Any CPU
		{A849E349-A8BD-49C4-A5B0-9DD6EDFACE2C}.Release|Any CPU.ActiveCfg = Release|Any CPU
		{A849E349-A8BD-49C4-A5B0-9DD6EDFACE2C}.Release|Any CPU.Build.0 = Release|Any CPU
	EndGlobalSection
	GlobalSection(SolutionProperties) = preSolution
		HideSolutionNode = FALSE
	EndGlobalSection
	GlobalSection(ExtensibilityGlobals) = postSolution
		SolutionGuid = {0CBC8FCC-7E88-43BC-94AF-B0BC370F98D7}
	EndGlobalSection
EndGlobal
